
Microsoft Visual Studio Solution File, Format Version 12.00
# Visual Studio Version 17
VisualStudioVersion = 17.4.33122.133
MinimumVisualStudioVersion = 10.0.40219.1
Project("{9A19103F-16F7-4668-BE54-9A1E7A4F7556}") = "TracingSystem", "TracingSystem\TracingSystem.csproj", "{C92A2B0A-4DA1-417D-B0F6-AB1BCED863DE}"
EndProject
Project("{9A19103F-16F7-4668-BE54-9A1E7A4F7556}") = "OriginalCircuit.AltiumSharp", "AltiumSharp\OriginalCircuit.AltiumSharp.csproj", "{50AFF321-9FDE-407A-87D0-F045233ED799}"
EndProject
Global
	GlobalSection(SolutionConfigurationPlatforms) = preSolution
		Debug|Any CPU = Debug|Any CPU
		Release|Any CPU = Release|Any CPU
	EndGlobalSection
	GlobalSection(ProjectConfigurationPlatforms) = postSolution
		{C92A2B0A-4DA1-417D-B0F6-AB1BCED863DE}.Debug|Any CPU.ActiveCfg = Debug|Any CPU
		{C92A2B0A-4DA1-417D-B0F6-AB1BCED863DE}.Debug|Any CPU.Build.0 = Debug|Any CPU
		{C92A2B0A-4DA1-417D-B0F6-AB1BCED863DE}.Release|Any CPU.ActiveCfg = Release|Any CPU
		{C92A2B0A-4DA1-417D-B0F6-AB1BCED863DE}.Release|Any CPU.Build.0 = Release|Any CPU
		{50AFF321-9FDE-407A-87D0-F045233ED799}.Debug|Any CPU.ActiveCfg = Debug|Any CPU
		{50AFF321-9FDE-407A-87D0-F045233ED799}.Debug|Any CPU.Build.0 = Debug|Any CPU
		{50AFF321-9FDE-407A-87D0-F045233ED799}.Release|Any CPU.ActiveCfg = Release|Any CPU
		{50AFF321-9FDE-407A-87D0-F045233ED799}.Release|Any CPU.Build.0 = Release|Any CPU
	EndGlobalSection
	GlobalSection(SolutionProperties) = preSolution
		HideSolutionNode = FALSE
	EndGlobalSection
	GlobalSection(ExtensibilityGlobals) = postSolution
		SolutionGuid = {936548AF-DC50-462B-A209-1662999E187E}
	EndGlobalSection
EndGlobal
